
Microsoft Visual Studio Solution File, Format Version 12.00
# Visual Studio Version 17
VisualStudioVersion = 17.0.31521.260
MinimumVisualStudioVersion = 10.0.40219.1
Project("{FAE04EC0-301F-11D3-BF4B-00C04F79EFBC}") = "vscode快速c艹器", "vscode快速c艹器.csproj", "{EC2FF052-31BF-4529-B5A3-AFF49DB32B6A}"
EndProject
Global
	GlobalSection(SolutionConfigurationPlatforms) = preSolution
		Debug|Any CPU = Debug|Any CPU
		Release|Any CPU = Release|Any CPU
	EndGlobalSection
	GlobalSection(ProjectConfigurationPlatforms) = postSolution
		{EC2FF052-31BF-4529-B5A3-AFF49DB32B6A}.Debug|Any CPU.ActiveCfg = Debug|Any CPU
		{EC2FF052-31BF-4529-B5A3-AFF49DB32B6A}.Debug|Any CPU.Build.0 = Debug|Any CPU
		{EC2FF052-31BF-4529-B5A3-AFF49DB32B6A}.Release|Any CPU.ActiveCfg = Release|Any CPU
		{EC2FF052-31BF-4529-B5A3-AFF49DB32B6A}.Release|Any CPU.Build.0 = Release|Any CPU
	EndGlobalSection
	GlobalSection(SolutionProperties) = preSolution
		HideSolutionNode = FALSE
	EndGlobalSection
	GlobalSection(ExtensibilityGlobals) = postSolution
		SolutionGuid = {A431D06D-959E-4F3A-8B39-9063A9FB7BF6}
	EndGlobalSection
EndGlobal
